
Microsoft Visual Studio Solution File, Format Version 12.00
# Visual Studio Version 17
VisualStudioVersion = 17.4.33213.308
MinimumVisualStudioVersion = 10.0.40219.1
Project("{2150E333-8FDC-42A3-9474-1A3956D46DE8}") = "Lecture_1", "Lecture_1", "{023C38FA-D283-4805-B19D-76194B3A0449}"
EndProject
Project("{2150E333-8FDC-42A3-9474-1A3956D46DE8}") = "Lecture_2", "Lecture_2", "{7A35CB32-CAB5-4000-8764-317E11CDD69A}"
EndProject
Project("{9A19103F-16F7-4668-BE54-9A1E7A4F7556}") = "InsecureBank", "Lecture_1\InsecureBank\InsecureBank.csproj", "{AD03D542-36E2-4DBE-BFD0-E3286B2AF354}"
EndProject
Project("{9A19103F-16F7-4668-BE54-9A1E7A4F7556}") = "ZamazonDelivery", "Lecture_1\ZamazonDelivery\ZamazonDelivery.csproj", "{195DDDD3-B6EF-4C35-B301-B5122B71B63D}"
EndProject
Project("{9A19103F-16F7-4668-BE54-9A1E7A4F7556}") = "CarRentalPro", "Lecture_2\CarRentalPro\CarRentalPro.csproj", "{B1F46BE2-FFC4-426E-89F9-F85B0B7454AB}"
EndProject
Project("{2150E333-8FDC-42A3-9474-1A3956D46DE8}") = "Lecture_3", "Lecture_3", "{6A4BF25D-55FC-4847-B742-8C8378228F25}"
EndProject
Project("{9A19103F-16F7-4668-BE54-9A1E7A4F7556}") = "Freelancer", "Lecture_3\Freelancer\Freelancer.csproj", "{24F8975B-7402-470D-A8E1-D0573904F95A}"
EndProject
Project("{2150E333-8FDC-42A3-9474-1A3956D46DE8}") = "Lecture_4", "Lecture_4", "{3FF906F1-24A0-4F57-8258-5711A4B75F51}"
EndProject
Project("{2150E333-8FDC-42A3-9474-1A3956D46DE8}") = "Core", "Core", "{9FE64760-DB14-4DFF-B9A2-81247EBB2848}"
EndProject
Project("{9A19103F-16F7-4668-BE54-9A1E7A4F7556}") = "ShapeAreaCalculator.Domain", "Lecture_4\ShapeAreaCalculator\Core\ShapeAreaCalculator.Domain\ShapeAreaCalculator.Domain.csproj", "{542BEF01-735D-4623-B0DD-F2DA73B8E22C}"
EndProject
Project("{2150E333-8FDC-42A3-9474-1A3956D46DE8}") = "Infrastructure", "Infrastructure", "{3972910D-1354-482B-A085-6568581863C1}"
EndProject
Project("{9A19103F-16F7-4668-BE54-9A1E7A4F7556}") = "ShapeAreaCalculator.Infrastructure", "Lecture_4\ShapeAreaCalculator\Infrastructure\ShapeAreaCalculator.Infrastructure\ShapeAreaCalculator.Infrastructure.csproj", "{0E0158E8-87DA-4479-8220-804AB3B96DE2}"
EndProject
Project("{2150E333-8FDC-42A3-9474-1A3956D46DE8}") = "Presentation", "Presentation", "{7D52D53C-2F4F-4559-BE84-929AEE3925C8}"
EndProject
Project("{9A19103F-16F7-4668-BE54-9A1E7A4F7556}") = "ShapeAreaCalculator.Console", "Lecture_4\ShapeAreaCalculator\Presentation\ShapeAreaCalculator.Console\ShapeAreaCalculator.Console.csproj", "{6D10889B-6940-49CC-978B-45DAEBA26587}"
EndProject
Project("{2150E333-8FDC-42A3-9474-1A3956D46DE8}") = "Lecture_5", "Lecture_5", "{E68AECEE-E481-4E24-B390-6E43DDFED0C6}"
EndProject
Project("{2150E333-8FDC-42A3-9474-1A3956D46DE8}") = "Core", "Core", "{FC7E97D7-EA03-450A-9503-5EC5B086C595}"
EndProject
Project("{2150E333-8FDC-42A3-9474-1A3956D46DE8}") = "Infrastructure", "Infrastructure", "{2962E026-0E8F-462C-ABF0-D8FFA69B644B}"
EndProject
Project("{2150E333-8FDC-42A3-9474-1A3956D46DE8}") = "Presentation", "Presentation", "{13564752-D59C-4BEE-B929-18F7F7B551FF}"
EndProject
Project("{FAE04EC0-301F-11D3-BF4B-00C04F79EFBC}") = "Productify.MVC", "Presentation\Productify.MVC\Productify.MVC.csproj", "{53B7D18D-E753-4B65-A396-CB91A220E3BA}"
EndProject
Project("{FAE04EC0-301F-11D3-BF4B-00C04F79EFBC}") = "Productify.Domain", "Core\Productify.Domain\Productify.Domain.csproj", "{56BB7623-05B0-4DC0-A78B-936812C26CB0}"
EndProject
Global
	GlobalSection(SolutionConfigurationPlatforms) = preSolution
		Debug|Any CPU = Debug|Any CPU
		Release|Any CPU = Release|Any CPU
	EndGlobalSection
	GlobalSection(ProjectConfigurationPlatforms) = postSolution
		{AD03D542-36E2-4DBE-BFD0-E3286B2AF354}.Debug|Any CPU.ActiveCfg = Debug|Any CPU
		{AD03D542-36E2-4DBE-BFD0-E3286B2AF354}.Debug|Any CPU.Build.0 = Debug|Any CPU
		{AD03D542-36E2-4DBE-BFD0-E3286B2AF354}.Release|Any CPU.ActiveCfg = Release|Any CPU
		{AD03D542-36E2-4DBE-BFD0-E3286B2AF354}.Release|Any CPU.Build.0 = Release|Any CPU
		{195DDDD3-B6EF-4C35-B301-B5122B71B63D}.Debug|Any CPU.ActiveCfg = Debug|Any CPU
		{195DDDD3-B6EF-4C35-B301-B5122B71B63D}.Debug|Any CPU.Build.0 = Debug|Any CPU
		{195DDDD3-B6EF-4C35-B301-B5122B71B63D}.Release|Any CPU.ActiveCfg = Release|Any CPU
		{195DDDD3-B6EF-4C35-B301-B5122B71B63D}.Release|Any CPU.Build.0 = Release|Any CPU
		{B1F46BE2-FFC4-426E-89F9-F85B0B7454AB}.Debug|Any CPU.ActiveCfg = Debug|Any CPU
		{B1F46BE2-FFC4-426E-89F9-F85B0B7454AB}.Debug|Any CPU.Build.0 = Debug|Any CPU
		{B1F46BE2-FFC4-426E-89F9-F85B0B7454AB}.Release|Any CPU.ActiveCfg = Release|Any CPU
		{B1F46BE2-FFC4-426E-89F9-F85B0B7454AB}.Release|Any CPU.Build.0 = Release|Any CPU
		{24F8975B-7402-470D-A8E1-D0573904F95A}.Debug|Any CPU.ActiveCfg = Debug|Any CPU
		{24F8975B-7402-470D-A8E1-D0573904F95A}.Debug|Any CPU.Build.0 = Debug|Any CPU
		{24F8975B-7402-470D-A8E1-D0573904F95A}.Release|Any CPU.ActiveCfg = Release|Any CPU
		{24F8975B-7402-470D-A8E1-D0573904F95A}.Release|Any CPU.Build.0 = Release|Any CPU
		{542BEF01-735D-4623-B0DD-F2DA73B8E22C}.Debug|Any CPU.ActiveCfg = Debug|Any CPU
		{542BEF01-735D-4623-B0DD-F2DA73B8E22C}.Debug|Any CPU.Build.0 = Debug|Any CPU
		{542BEF01-735D-4623-B0DD-F2DA73B8E22C}.Release|Any CPU.ActiveCfg = Release|Any CPU
		{542BEF01-735D-4623-B0DD-F2DA73B8E22C}.Release|Any CPU.Build.0 = Release|Any CPU
		{0E0158E8-87DA-4479-8220-804AB3B96DE2}.Debug|Any CPU.ActiveCfg = Debug|Any CPU
		{0E0158E8-87DA-4479-8220-804AB3B96DE2}.Debug|Any CPU.Build.0 = Debug|Any CPU
		{0E0158E8-87DA-4479-8220-804AB3B96DE2}.Release|Any CPU.ActiveCfg = Release|Any CPU
		{0E0158E8-87DA-4479-8220-804AB3B96DE2}.Release|Any CPU.Build.0 = Release|Any CPU
		{6D10889B-6940-49CC-978B-45DAEBA26587}.Debug|Any CPU.ActiveCfg = Debug|Any CPU
		{6D10889B-6940-49CC-978B-45DAEBA26587}.Debug|Any CPU.Build.0 = Debug|Any CPU
		{6D10889B-6940-49CC-978B-45DAEBA26587}.Release|Any CPU.ActiveCfg = Release|Any CPU
		{6D10889B-6940-49CC-978B-45DAEBA26587}.Release|Any CPU.Build.0 = Release|Any CPU
		{53B7D18D-E753-4B65-A396-CB91A220E3BA}.Debug|Any CPU.ActiveCfg = Debug|Any CPU
		{53B7D18D-E753-4B65-A396-CB91A220E3BA}.Debug|Any CPU.Build.0 = Debug|Any CPU
		{53B7D18D-E753-4B65-A396-CB91A220E3BA}.Release|Any CPU.ActiveCfg = Release|Any CPU
		{53B7D18D-E753-4B65-A396-CB91A220E3BA}.Release|Any CPU.Build.0 = Release|Any CPU
		{56BB7623-05B0-4DC0-A78B-936812C26CB0}.Debug|Any CPU.ActiveCfg = Debug|Any CPU
		{56BB7623-05B0-4DC0-A78B-936812C26CB0}.Debug|Any CPU.Build.0 = Debug|Any CPU
		{56BB7623-05B0-4DC0-A78B-936812C26CB0}.Release|Any CPU.ActiveCfg = Release|Any CPU
		{56BB7623-05B0-4DC0-A78B-936812C26CB0}.Release|Any CPU.Build.0 = Release|Any CPU
	EndGlobalSection
	GlobalSection(SolutionProperties) = preSolution
		HideSolutionNode = FALSE
	EndGlobalSection
	GlobalSection(NestedProjects) = preSolution
		{AD03D542-36E2-4DBE-BFD0-E3286B2AF354} = {023C38FA-D283-4805-B19D-76194B3A0449}
		{195DDDD3-B6EF-4C35-B301-B5122B71B63D} = {023C38FA-D283-4805-B19D-76194B3A0449}
		{B1F46BE2-FFC4-426E-89F9-F85B0B7454AB} = {7A35CB32-CAB5-4000-8764-317E11CDD69A}
		{24F8975B-7402-470D-A8E1-D0573904F95A} = {6A4BF25D-55FC-4847-B742-8C8378228F25}
		{9FE64760-DB14-4DFF-B9A2-81247EBB2848} = {3FF906F1-24A0-4F57-8258-5711A4B75F51}
		{542BEF01-735D-4623-B0DD-F2DA73B8E22C} = {9FE64760-DB14-4DFF-B9A2-81247EBB2848}
		{3972910D-1354-482B-A085-6568581863C1} = {3FF906F1-24A0-4F57-8258-5711A4B75F51}
		{0E0158E8-87DA-4479-8220-804AB3B96DE2} = {3972910D-1354-482B-A085-6568581863C1}
		{7D52D53C-2F4F-4559-BE84-929AEE3925C8} = {3FF906F1-24A0-4F57-8258-5711A4B75F51}
		{6D10889B-6940-49CC-978B-45DAEBA26587} = {7D52D53C-2F4F-4559-BE84-929AEE3925C8}
		{FC7E97D7-EA03-450A-9503-5EC5B086C595} = {E68AECEE-E481-4E24-B390-6E43DDFED0C6}
		{2962E026-0E8F-462C-ABF0-D8FFA69B644B} = {E68AECEE-E481-4E24-B390-6E43DDFED0C6}
		{13564752-D59C-4BEE-B929-18F7F7B551FF} = {E68AECEE-E481-4E24-B390-6E43DDFED0C6}
		{53B7D18D-E753-4B65-A396-CB91A220E3BA} = {13564752-D59C-4BEE-B929-18F7F7B551FF}
		{56BB7623-05B0-4DC0-A78B-936812C26CB0} = {FC7E97D7-EA03-450A-9503-5EC5B086C595}
	EndGlobalSection
	GlobalSection(ExtensibilityGlobals) = postSolution
		SolutionGuid = {A193117F-1306-4E02-918C-810E800696D3}
	EndGlobalSection
EndGlobal
