
Microsoft Visual Studio Solution File, Format Version 12.00
# Visual Studio Version 17
VisualStudioVersion = 17.4.33213.308
MinimumVisualStudioVersion = 10.0.40219.1
Project("{2150E333-8FDC-42A3-9474-1A3956D46DE8}") = "Lecture_1", "Lecture_1", "{023C38FA-D283-4805-B19D-76194B3A0449}"
EndProject
Project("{2150E333-8FDC-42A3-9474-1A3956D46DE8}") = "Lecture_2", "Lecture_2", "{7A35CB32-CAB5-4000-8764-317E11CDD69A}"
EndProject
Project("{9A19103F-16F7-4668-BE54-9A1E7A4F7556}") = "InsecureBank", "Lecture_1\InsecureBank\InsecureBank.csproj", "{AD03D542-36E2-4DBE-BFD0-E3286B2AF354}"
EndProject
Project("{9A19103F-16F7-4668-BE54-9A1E7A4F7556}") = "ZamazonDelivery", "Lecture_1\ZamazonDelivery\ZamazonDelivery.csproj", "{195DDDD3-B6EF-4C35-B301-B5122B71B63D}"
EndProject
Project("{9A19103F-16F7-4668-BE54-9A1E7A4F7556}") = "CarRentalPro", "Lecture_2\CarRentalPro\CarRentalPro.csproj", "{B1F46BE2-FFC4-426E-89F9-F85B0B7454AB}"
EndProject
Project("{2150E333-8FDC-42A3-9474-1A3956D46DE8}") = "Lecture_3", "Lecture_3", "{6A4BF25D-55FC-4847-B742-8C8378228F25}"
EndProject
Project("{9A19103F-16F7-4668-BE54-9A1E7A4F7556}") = "Freelancer", "Lecture_3\Freelancer\Freelancer.csproj", "{24F8975B-7402-470D-A8E1-D0573904F95A}"
EndProject
Global
	GlobalSection(SolutionConfigurationPlatforms) = preSolution
		Debug|Any CPU = Debug|Any CPU
		Release|Any CPU = Release|Any CPU
	EndGlobalSection
	GlobalSection(ProjectConfigurationPlatforms) = postSolution
		{AD03D542-36E2-4DBE-BFD0-E3286B2AF354}.Debug|Any CPU.ActiveCfg = Debug|Any CPU
		{AD03D542-36E2-4DBE-BFD0-E3286B2AF354}.Debug|Any CPU.Build.0 = Debug|Any CPU
		{AD03D542-36E2-4DBE-BFD0-E3286B2AF354}.Release|Any CPU.ActiveCfg = Release|Any CPU
		{AD03D542-36E2-4DBE-BFD0-E3286B2AF354}.Release|Any CPU.Build.0 = Release|Any CPU
		{195DDDD3-B6EF-4C35-B301-B5122B71B63D}.Debug|Any CPU.ActiveCfg = Debug|Any CPU
		{195DDDD3-B6EF-4C35-B301-B5122B71B63D}.Debug|Any CPU.Build.0 = Debug|Any CPU
		{195DDDD3-B6EF-4C35-B301-B5122B71B63D}.Release|Any CPU.ActiveCfg = Release|Any CPU
		{195DDDD3-B6EF-4C35-B301-B5122B71B63D}.Release|Any CPU.Build.0 = Release|Any CPU
		{B1F46BE2-FFC4-426E-89F9-F85B0B7454AB}.Debug|Any CPU.ActiveCfg = Debug|Any CPU
		{B1F46BE2-FFC4-426E-89F9-F85B0B7454AB}.Debug|Any CPU.Build.0 = Debug|Any CPU
		{B1F46BE2-FFC4-426E-89F9-F85B0B7454AB}.Release|Any CPU.ActiveCfg = Release|Any CPU
		{B1F46BE2-FFC4-426E-89F9-F85B0B7454AB}.Release|Any CPU.Build.0 = Release|Any CPU
		{24F8975B-7402-470D-A8E1-D0573904F95A}.Debug|Any CPU.ActiveCfg = Debug|Any CPU
		{24F8975B-7402-470D-A8E1-D0573904F95A}.Debug|Any CPU.Build.0 = Debug|Any CPU
		{24F8975B-7402-470D-A8E1-D0573904F95A}.Release|Any CPU.ActiveCfg = Release|Any CPU
		{24F8975B-7402-470D-A8E1-D0573904F95A}.Release|Any CPU.Build.0 = Release|Any CPU
	EndGlobalSection
	GlobalSection(SolutionProperties) = preSolution
		HideSolutionNode = FALSE
	EndGlobalSection
	GlobalSection(NestedProjects) = preSolution
		{AD03D542-36E2-4DBE-BFD0-E3286B2AF354} = {023C38FA-D283-4805-B19D-76194B3A0449}
		{195DDDD3-B6EF-4C35-B301-B5122B71B63D} = {023C38FA-D283-4805-B19D-76194B3A0449}
		{B1F46BE2-FFC4-426E-89F9-F85B0B7454AB} = {7A35CB32-CAB5-4000-8764-317E11CDD69A}
		{24F8975B-7402-470D-A8E1-D0573904F95A} = {6A4BF25D-55FC-4847-B742-8C8378228F25}
	EndGlobalSection
	GlobalSection(ExtensibilityGlobals) = postSolution
		SolutionGuid = {A193117F-1306-4E02-918C-810E800696D3}
	EndGlobalSection
EndGlobal
